
Microsoft Visual Studio Solution File, Format Version 12.00
# Visual Studio Version 16
VisualStudioVersion = 16.0.30225.117
MinimumVisualStudioVersion = 10.0.40219.1
Project("{FAE04EC0-301F-11D3-BF4B-00C04F79EFBC}") = "UmaMusumeAPP", "UmaMusumeAPP\UmaMusumeAPP.csproj", "{B5769FC9-EB2E-4E90-88E8-E194A2AE2937}"
EndProject
Global
	GlobalSection(SolutionConfigurationPlatforms) = preSolution
		Debug|Any CPU = Debug|Any CPU
		Release|Any CPU = Release|Any CPU
	EndGlobalSection
	GlobalSection(ProjectConfigurationPlatforms) = postSolution
		{B5769FC9-EB2E-4E90-88E8-E194A2AE2937}.Debug|Any CPU.ActiveCfg = Debug|Any CPU
		{B5769FC9-EB2E-4E90-88E8-E194A2AE2937}.Debug|Any CPU.Build.0 = Debug|Any CPU
		{B5769FC9-EB2E-4E90-88E8-E194A2AE2937}.Release|Any CPU.ActiveCfg = Release|Any CPU
		{B5769FC9-EB2E-4E90-88E8-E194A2AE2937}.Release|Any CPU.Build.0 = Release|Any CPU
	EndGlobalSection
	GlobalSection(SolutionProperties) = preSolution
		HideSolutionNode = FALSE
	EndGlobalSection
	GlobalSection(ExtensibilityGlobals) = postSolution
		SolutionGuid = {343FEA1C-5E7D-4B9C-A946-2AD116973B36}
	EndGlobalSection
EndGlobal
